github.com/KaTeX/KaTeX v0.16.9 h1:4VYWM2nMSCfOPi63mTRJYQs0UmZPGTx3noiQ/vJu9Rk=
github.com/KaTeX/KaTeX v0.16.9/go.mod h1:VI+aE+CVs/VqtbHnuhstfQST46GmrwpXH7LQAzYIouw=
github.com/Mitrichius/hugo-theme-anubis v0.0.0-20231204175953-57eb2998cf2e h1:oCnqB3lB2ZwWA8lDsCPWHrArSGx+/g4lqR1rX33hm/E=
github.com/Mitrichius/hugo-theme-anubis v0.0.0-20231204175953-57eb2998cf2e/go.mod h1:FKD3NbdsQzL+cXsC3x99XD/t/Rd5EyhDlNBAxQhULbo=
github.com/alecthomas/chroma v0.10.0 h1:7XDcGkCQopCNKjZHfYrNLraA+M7e0fMiJ/Mfikbfjek=
github.com/alecthomas/chroma v0.10.0/go.mod h1:jtJATyUxlIORhUOFNA9NZDWGAQ8wpxQQqNSB4rjA/1s=
github.com/canstand/compost v0.6.4 h1:3Bz4wiFrihJ+YNVYq+RA8iGvVkf+ZF7PoVQidpwysEc=
github.com/canstand/compost v0.6.4/go.mod h1:aX2G4Yo+cLUCO5jTAw92TT6MmJUf4ed5VV4gm63NMgk=
github.com/davecgh/go-spew v1.1.0/go.mod h1:J7Y8YcW2NihsgmVo/mv3lAwl/skON4iLHjSsI+c5H38=
github.com/davecgh/go-spew v1.1.1/go.mod h1:J7Y8YcW2NihsgmVo/mv3lAwl/skON4iLHjSsI+c5H38=
github.com/dlclark/regexp2 v1.4.0 h1:F1rxgk7p4uKjwIQxBs9oAXe5CqrXlCduYEJvrF4u93E=
github.com/dlclark/regexp2 v1.4.0/go.mod h1:2pZnwuY/m+8K6iRw6wQdMtk+rH5tNGR1i55kozfMjCc=
github.com/hugomods/katex v0.3.0 h1:hq0Kels9clL38Y2K/QZgXFKF7hQuumyQYz16TT4/Hhk=
github.com/hugomods/katex v0.3.0/go.mod h1:EBY1YQTN6F8FDQz+mWp3EzEh8vDN31YjL9luVni+Wm0=
github.com/mfg92/hugo-shortcode-gallery v1.0.0 h1:TRXpRZ7h2Q9vifFiJlAMsf7PlX5eIgGUq9MCtVPqZH4=
github.com/mfg92/hugo-shortcode-gallery v1.0.0/go.mod h1:uP48acoDrLxll/agXBGFRWEv5F237K3XKWyAeVZ+Mm8=
github.com/pmezard/go-difflib v1.0.0/go.mod h1:iKH77koFhYxTK1pcRnkKkqfTogsbg7gZNVY4sRDYZ/4=
github.com/stretchr/objx v0.1.0/go.mod h1:HFkY916IF+rwdDfMAkV7OtwuqBVzrE8GR6GFx+wExME=
github.com/stretchr/testify v1.7.0/go.mod h1:6Fq8oRcR53rry900zMqJjRRixrwX3KX962/h/Wwjteg=
gopkg.in/check.v1 v0.0.0-20161208181325-20d25e280405/go.mod h1:Co6ibVJAznAaIkqp8huTwlJQCZ016jof/cbN4VW5Yz0=
gopkg.in/yaml.v3 v3.0.0-20200313102051-9f266ea9e77c/go.mod h1:K4uyk7z7BCEPqu6E+C64Yfv1cQ7kz7rIZviUmN+EgEM=
